
Microsoft Visual Studio Solution File, Format Version 12.00
# Visual Studio 15
VisualStudioVersion = 15.0.26114.2
MinimumVisualStudioVersion = 10.0.40219.1
Project("{2150E333-8FDC-42A3-9474-1A3956D46DE8}") = "src", "src", "{D6D135F0-1615-4C7F-9DC2-C13EB9A2C019}"
EndProject
Project("{2150E333-8FDC-42A3-9474-1A3956D46DE8}") = "test", "test", "{2399F0D4-632C-47FB-9724-D90DA5B3E725}"
EndProject
Project("{FAE04EC0-301F-11D3-BF4B-00C04F79EFBC}") = "DotBase", "src\DotBase\DotBase.csproj", "{8B5F87BE-498A-4EDB-AE73-4F45AF259478}"
EndProject
Project("{FAE04EC0-301F-11D3-BF4B-00C04F79EFBC}") = "DotBaseTests", "test\DotBaseTests\DotBaseTests.csproj", "{6D987D33-4889-41EF-9143-3F16D0608BB7}"
EndProject
Global
	GlobalSection(SolutionConfigurationPlatforms) = preSolution
		Debug|Any CPU = Debug|Any CPU
		Release|Any CPU = Release|Any CPU
		Debug|x64 = Debug|x64
		Debug|x86 = Debug|x86
		Release|x64 = Release|x64
		Release|x86 = Release|x86
	EndGlobalSection
	GlobalSection(ProjectConfigurationPlatforms) = postSolution
		{8B5F87BE-498A-4EDB-AE73-4F45AF259478}.Debug|Any CPU.ActiveCfg = Debug|Any CPU
		{8B5F87BE-498A-4EDB-AE73-4F45AF259478}.Debug|Any CPU.Build.0 = Debug|Any CPU
		{8B5F87BE-498A-4EDB-AE73-4F45AF259478}.Debug|x64.ActiveCfg = Debug|x64
		{8B5F87BE-498A-4EDB-AE73-4F45AF259478}.Debug|x64.Build.0 = Debug|x64
		{8B5F87BE-498A-4EDB-AE73-4F45AF259478}.Debug|x86.ActiveCfg = Debug|x86
		{8B5F87BE-498A-4EDB-AE73-4F45AF259478}.Debug|x86.Build.0 = Debug|x86
		{8B5F87BE-498A-4EDB-AE73-4F45AF259478}.Release|Any CPU.ActiveCfg = Release|Any CPU
		{8B5F87BE-498A-4EDB-AE73-4F45AF259478}.Release|Any CPU.Build.0 = Release|Any CPU
		{8B5F87BE-498A-4EDB-AE73-4F45AF259478}.Release|x64.ActiveCfg = Release|x64
		{8B5F87BE-498A-4EDB-AE73-4F45AF259478}.Release|x64.Build.0 = Release|x64
		{8B5F87BE-498A-4EDB-AE73-4F45AF259478}.Release|x86.ActiveCfg = Release|x86
		{8B5F87BE-498A-4EDB-AE73-4F45AF259478}.Release|x86.Build.0 = Release|x86
		{6D987D33-4889-41EF-9143-3F16D0608BB7}.Debug|Any CPU.ActiveCfg = Debug|Any CPU
		{6D987D33-4889-41EF-9143-3F16D0608BB7}.Debug|Any CPU.Build.0 = Debug|Any CPU
		{6D987D33-4889-41EF-9143-3F16D0608BB7}.Debug|x64.ActiveCfg = Debug|x64
		{6D987D33-4889-41EF-9143-3F16D0608BB7}.Debug|x64.Build.0 = Debug|x64
		{6D987D33-4889-41EF-9143-3F16D0608BB7}.Debug|x86.ActiveCfg = Debug|x86
		{6D987D33-4889-41EF-9143-3F16D0608BB7}.Debug|x86.Build.0 = Debug|x86
		{6D987D33-4889-41EF-9143-3F16D0608BB7}.Release|Any CPU.ActiveCfg = Release|Any CPU
		{6D987D33-4889-41EF-9143-3F16D0608BB7}.Release|Any CPU.Build.0 = Release|Any CPU
		{6D987D33-4889-41EF-9143-3F16D0608BB7}.Release|x64.ActiveCfg = Release|x64
		{6D987D33-4889-41EF-9143-3F16D0608BB7}.Release|x64.Build.0 = Release|x64
		{6D987D33-4889-41EF-9143-3F16D0608BB7}.Release|x86.ActiveCfg = Release|x86
		{6D987D33-4889-41EF-9143-3F16D0608BB7}.Release|x86.Build.0 = Release|x86
	EndGlobalSection
	GlobalSection(SolutionProperties) = preSolution
		HideSolutionNode = FALSE
	EndGlobalSection
	GlobalSection(NestedProjects) = preSolution
		{8B5F87BE-498A-4EDB-AE73-4F45AF259478} = {D6D135F0-1615-4C7F-9DC2-C13EB9A2C019}
		{6D987D33-4889-41EF-9143-3F16D0608BB7} = {2399F0D4-632C-47FB-9724-D90DA5B3E725}
	EndGlobalSection
EndGlobal
